# This file is automatically generated by cargo-component.
# It is not intended for manual editing.
version = 1

[[package]]
name = "icp:build"

[[package.version]]
requirement = "^0.6.10"
version = "0.6.10"
digest = "sha256:658780c0b1b1eb5155219130fbcdbae746eb82d659714998d7ce77773874a16c"

[[package]]
name = "icp:cli"

[[package.version]]
requirement = "^0.3.0"
version = "0.3.0"
digest = "sha256:eeaed10be6ddb55de0a94298ccdfb9e6c9164971273708be8148bc93478d2608"

[[package.version]]
requirement = "^0.3.3"
version = "0.3.3"
digest = "sha256:26945572c516ec7cfaa8399ef182a0adc04e9f00fd6b87a397bb5fdcb16d8ff4"

[[package]]
name = "icp:identity"

[[package.version]]
requirement = "^0.4.0"
version = "0.4.0"
digest = "sha256:5eb432f229bb568ecd69f6b962cf369653f4672b43848f42b65cde7d2c7447cb"

[[package]]
name = "icp:project"

[[package.version]]
requirement = "^0.7.1"
version = "0.7.1"
digest = "sha256:e0b418330bc8d6a8a81ae67b12adb1ca5d3d3629cbe7ef6aa06403fb220c6cb5"
