# This file is automatically generated by cargo-component.
# It is not intended for manual editing.
version = 1

[[package]]
name = "icp:build"

[[package.version]]
requirement = "^0.4.0"
version = "0.4.0"
digest = "sha256:69b366ec9c794134fdcf6b3a02c7a7f3d1c5f37b4a50ebb18ad22d2808c16bc4"

[[package]]
name = "icp:identity"

[[package.version]]
requirement = "^0.3.0"
version = "0.3.0"
digest = "sha256:274ef756f0f9ef7436767a9e006dfb2ef95ae994b865787a9d05810c8df20b36"

[[package]]
name = "icp:project"

[[package.version]]
requirement = "^0.5.0"
version = "0.5.0"
digest = "sha256:407a2e75020680b5002c4fdef0bb27543e402a0656ee319a190c4d2c8a3bd369"
