# This file is automatically generated by cargo-component.
# It is not intended for manual editing.
version = 1

[[package]]
name = "icp:cli"

[[package.version]]
requirement = "^0.0.1"
version = "0.0.1"
digest = "sha256:0a257c8dcfbd0e36f4a759a7a4ec9f297acfeb18bbe81d7d7ee2f590ec2f07b7"

[[package]]
name = "icp:cli-multiply"

[[package.version]]
requirement = "^0.0.1"
version = "0.0.1"
digest = "sha256:0c91779eb996464a1559565e509a3faf9c8bc44f36a3576e2bfc63295c9a482e"
