# This file is automatically generated.
# It is not intended for manual editing.
version = 1

[[packages]]
name = "icp:build"
registry = "ghcr.io"

[[packages.versions]]
requirement = "=0.4.0"
version = "0.4.0"
digest = "sha256:69b366ec9c794134fdcf6b3a02c7a7f3d1c5f37b4a50ebb18ad22d2808c16bc4"

[[packages]]
name = "icp:cli"
registry = "ghcr.io"

[[packages.versions]]
requirement = "=0.2.0"
version = "0.2.0"
digest = "sha256:25ba1aafd32eab9d8fd3d40c90054c0b5233edee25d176966ed5f19fd0c032ee"
