# This file is automatically generated.
# It is not intended for manual editing.
version = 1

[[packages]]
name = "icp:build"
registry = "ghcr.io"

[[packages.versions]]
requirement = "=0.2.0"
version = "0.2.0"
digest = "sha256:bf2de5be619e680affdf440f8d52371f7365c24c7496eba2926da31d169de219"

[[packages]]
name = "icp:cli"
registry = "ghcr.io"

[[packages.versions]]
requirement = "=0.2.0"
version = "0.2.0"
digest = "sha256:25ba1aafd32eab9d8fd3d40c90054c0b5233edee25d176966ed5f19fd0c032ee"
