# This file is automatically generated.
# It is not intended for manual editing.
version = 1

[[packages]]
name = "icp:build"
registry = "ghcr.io"

[[packages.versions]]
requirement = "=0.0.1"
version = "0.0.1"
digest = "sha256:997a0b3af2580cbe574eddc0ace22c1950244325b670780d40f95e928ca9e0ef"

[[packages]]
name = "icp:cli"
registry = "ghcr.io"

[[packages.versions]]
requirement = "=0.0.1"
version = "0.0.1"
digest = "sha256:0a257c8dcfbd0e36f4a759a7a4ec9f297acfeb18bbe81d7d7ee2f590ec2f07b7"
